github.com/davecgh/go-spew v1.1.1 h1:vj9j/u1bqnvCEfJOwUhtlOARqs3+rkHYY13jYWTU97c=
github.com/davecgh/go-spew v1.1.1/go.mod h1:J7Y8YcW2NihsgmVo/mv3lAwl/skON4iLHjSsI+c5H38=
github.com/patrikeh/go-deep v0.0.0-20230427173908-a2775168ab3d h1:uklDHZ8eaoO7TzqTu1bk/ijlkfadd8ogGfit4oIeSik=
github.com/patrikeh/go-deep v0.0.0-20230427173908-a2775168ab3d/go.mod h1:W7GtTeZHpwautuPVtKBFp1+df69GkwlOGD2cwvYeYIE=
github.com/petar/GoMNIST v0.0.0-20150320212226-2fbe10d0fa63 h1:xS51uYfMeRA+pLKKsXaM/UI06LkyRQ1ItZgOvrOgIu8=
github.com/petar/GoMNIST v0.0.0-20150320212226-2fbe10d0fa63/go.mod h1:d7fwuOuDrb75/3iplL4oWbe4MBZgWil/pSVR3ItECVU=
github.com/pmezard/go-difflib v1.0.0 h1:4DBwDE0NGyQoBHbLQYPwSUPoCMWR5BEzIk/f1lZbAQM=
github.com/pmezard/go-difflib v1.0.0/go.mod h1:iKH77koFhYxTK1pcRnkKkqfTogsbg7gZNVY4sRDYZ/4=
github.com/stretchr/testify v1.1.4 h1:ToftOQTytwshuOSj6bDSolVUa3GINfJP/fg3OkkOzQQ=
github.com/stretchr/testify v1.1.4/go.mod h1:a8OnRcib4nhh0OaRAV+Yts87kKdq0PP7pXfy6kDkUVs=
